
Microsoft Visual Studio Solution File, Format Version 12.00
# Visual Studio Version 17
VisualStudioVersion = 17.12.35506.116
MinimumVisualStudioVersion = 10.0.40219.1
Project("{FAE04EC0-301F-11D3-BF4B-00C04F79EFBC}") = "Shark.Fido2.Sample", "Shark.Sample.Fido2\Shark.Fido2.Sample.csproj", "{AAF934D8-96F0-4D60-8E26-82E22F23A9D4}"
EndProject
Project("{FAE04EC0-301F-11D3-BF4B-00C04F79EFBC}") = "Shark.Fido2.Core", "Shark.Fido2.Core\Shark.Fido2.Core.csproj", "{5A381B36-3E6E-4BAB-A64A-ED20F8B7DDAF}"
EndProject
Project("{FAE04EC0-301F-11D3-BF4B-00C04F79EFBC}") = "Shark.Fido2.Domain", "Shark.Fido2.Domain\Shark.Fido2.Domain.csproj", "{8F67A87C-384C-480B-AE94-06F8267334DF}"
EndProject
Project("{2150E333-8FDC-42A3-9474-1A3956D46DE8}") = "tests", "tests", "{0DBAB265-1DF6-444B-BC5F-7A47857979BB}"
EndProject
Project("{FAE04EC0-301F-11D3-BF4B-00C04F79EFBC}") = "Shark.Fido2.Core.Tests", "..\tests\Shark.Fido2.Core.Tests\Shark.Fido2.Core.Tests.csproj", "{41DB6C7C-A63E-4654-A32C-D1E551218693}"
EndProject
Project("{FAE04EC0-301F-11D3-BF4B-00C04F79EFBC}") = "Shark.Fido2.InMemory", "Shark.Fido2.InMemory\Shark.Fido2.InMemory.csproj", "{8CEAE035-58ED-4E86-AEDC-6E61487702F2}"
EndProject
Project("{FAE04EC0-301F-11D3-BF4B-00C04F79EFBC}") = "Shark.Fido2.Models", "Shark.Fido2.Models\Shark.Fido2.Models.csproj", "{DD27C759-32C7-4A09-BD6C-9CB1F1F47110}"
EndProject
Project("{FAE04EC0-301F-11D3-BF4B-00C04F79EFBC}") = "Shark.Fido2.Models.Tests", "..\tests\Shark.Fido2.Models.Tests\Shark.Fido2.Models.Tests.csproj", "{16F8ADC7-8CA5-4303-BE4D-F75EA22A2B26}"
EndProject
Project("{FAE04EC0-301F-11D3-BF4B-00C04F79EFBC}") = "Shark.Fido2.Domain.Tests", "..\tests\Shark.Fido2.Domain.Tests\Shark.Fido2.Domain.Tests.csproj", "{E9004CA1-EBAB-4B87-960D-5F017A6204E9}"
EndProject
Project("{FAE04EC0-301F-11D3-BF4B-00C04F79EFBC}") = "Shark.Fido2.Common", "Shark.Fido2.Common\Shark.Fido2.Common.csproj", "{8A1A7CC0-43D8-4B3B-A2DB-E46B3818B341}"
EndProject
Project("{FAE04EC0-301F-11D3-BF4B-00C04F79EFBC}") = "Shark.Fido2.Metadata.Core", "Shark.Fido2.Metadata.Core\Shark.Fido2.Metadata.Core.csproj", "{09F40C48-8F5D-4807-A957-9532BE969685}"
EndProject
Project("{FAE04EC0-301F-11D3-BF4B-00C04F79EFBC}") = "Shark.Fido2.Portal", "Shark.Portal.Fido2\Shark.Fido2.Portal.csproj", "{C247B935-3422-42FF-8E8E-DF34A018B89B}"
EndProject
Project("{FAE04EC0-301F-11D3-BF4B-00C04F79EFBC}") = "Shark.Fido2.SqlServer", "Shark.Fido2.SqlServer\Shark.Fido2.SqlServer.csproj", "{D540F937-D674-408B-B5BE-54C5BAED77EF}"
EndProject
Project("{FAE04EC0-301F-11D3-BF4B-00C04F79EFBC}") = "Shark.Fido2.Core.Integration.Tests", "..\tests\Shark.Fido2.Core.Integration.Tests\Shark.Fido2.Core.Integration.Tests.csproj", "{235ECDC5-C002-475E-BAEF-9590948C7CCB}"
EndProject
Project("{2150E333-8FDC-42A3-9474-1A3956D46DE8}") = "web", "web", "{02EA681E-C7D8-13C7-8484-4AC65E1B71E8}"
EndProject
Global
	GlobalSection(SolutionConfigurationPlatforms) = preSolution
		Debug|Any CPU = Debug|Any CPU
		Release|Any CPU = Release|Any CPU
	EndGlobalSection
	GlobalSection(ProjectConfigurationPlatforms) = postSolution
		{AAF934D8-96F0-4D60-8E26-82E22F23A9D4}.Debug|Any CPU.ActiveCfg = Debug|Any CPU
		{AAF934D8-96F0-4D60-8E26-82E22F23A9D4}.Debug|Any CPU.Build.0 = Debug|Any CPU
		{AAF934D8-96F0-4D60-8E26-82E22F23A9D4}.Release|Any CPU.ActiveCfg = Release|Any CPU
		{AAF934D8-96F0-4D60-8E26-82E22F23A9D4}.Release|Any CPU.Build.0 = Release|Any CPU
		{5A381B36-3E6E-4BAB-A64A-ED20F8B7DDAF}.Debug|Any CPU.ActiveCfg = Debug|Any CPU
		{5A381B36-3E6E-4BAB-A64A-ED20F8B7DDAF}.Debug|Any CPU.Build.0 = Debug|Any CPU
		{5A381B36-3E6E-4BAB-A64A-ED20F8B7DDAF}.Release|Any CPU.ActiveCfg = Release|Any CPU
		{5A381B36-3E6E-4BAB-A64A-ED20F8B7DDAF}.Release|Any CPU.Build.0 = Release|Any CPU
		{8F67A87C-384C-480B-AE94-06F8267334DF}.Debug|Any CPU.ActiveCfg = Debug|Any CPU
		{8F67A87C-384C-480B-AE94-06F8267334DF}.Debug|Any CPU.Build.0 = Debug|Any CPU
		{8F67A87C-384C-480B-AE94-06F8267334DF}.Release|Any CPU.ActiveCfg = Release|Any CPU
		{8F67A87C-384C-480B-AE94-06F8267334DF}.Release|Any CPU.Build.0 = Release|Any CPU
		{41DB6C7C-A63E-4654-A32C-D1E551218693}.Debug|Any CPU.ActiveCfg = Debug|Any CPU
		{41DB6C7C-A63E-4654-A32C-D1E551218693}.Debug|Any CPU.Build.0 = Debug|Any CPU
		{41DB6C7C-A63E-4654-A32C-D1E551218693}.Release|Any CPU.ActiveCfg = Release|Any CPU
		{41DB6C7C-A63E-4654-A32C-D1E551218693}.Release|Any CPU.Build.0 = Release|Any CPU
		{8CEAE035-58ED-4E86-AEDC-6E61487702F2}.Debug|Any CPU.ActiveCfg = Debug|Any CPU
		{8CEAE035-58ED-4E86-AEDC-6E61487702F2}.Debug|Any CPU.Build.0 = Debug|Any CPU
		{8CEAE035-58ED-4E86-AEDC-6E61487702F2}.Release|Any CPU.ActiveCfg = Release|Any CPU
		{8CEAE035-58ED-4E86-AEDC-6E61487702F2}.Release|Any CPU.Build.0 = Release|Any CPU
		{DD27C759-32C7-4A09-BD6C-9CB1F1F47110}.Debug|Any CPU.ActiveCfg = Debug|Any CPU
		{DD27C759-32C7-4A09-BD6C-9CB1F1F47110}.Debug|Any CPU.Build.0 = Debug|Any CPU
		{DD27C759-32C7-4A09-BD6C-9CB1F1F47110}.Release|Any CPU.ActiveCfg = Release|Any CPU
		{DD27C759-32C7-4A09-BD6C-9CB1F1F47110}.Release|Any CPU.Build.0 = Release|Any CPU
		{16F8ADC7-8CA5-4303-BE4D-F75EA22A2B26}.Debug|Any CPU.ActiveCfg = Debug|Any CPU
		{16F8ADC7-8CA5-4303-BE4D-F75EA22A2B26}.Debug|Any CPU.Build.0 = Debug|Any CPU
		{16F8ADC7-8CA5-4303-BE4D-F75EA22A2B26}.Release|Any CPU.ActiveCfg = Release|Any CPU
		{16F8ADC7-8CA5-4303-BE4D-F75EA22A2B26}.Release|Any CPU.Build.0 = Release|Any CPU
		{E9004CA1-EBAB-4B87-960D-5F017A6204E9}.Debug|Any CPU.ActiveCfg = Debug|Any CPU
		{E9004CA1-EBAB-4B87-960D-5F017A6204E9}.Debug|Any CPU.Build.0 = Debug|Any CPU
		{E9004CA1-EBAB-4B87-960D-5F017A6204E9}.Release|Any CPU.ActiveCfg = Release|Any CPU
		{E9004CA1-EBAB-4B87-960D-5F017A6204E9}.Release|Any CPU.Build.0 = Release|Any CPU
		{8A1A7CC0-43D8-4B3B-A2DB-E46B3818B341}.Debug|Any CPU.ActiveCfg = Debug|Any CPU
		{8A1A7CC0-43D8-4B3B-A2DB-E46B3818B341}.Debug|Any CPU.Build.0 = Debug|Any CPU
		{8A1A7CC0-43D8-4B3B-A2DB-E46B3818B341}.Release|Any CPU.ActiveCfg = Release|Any CPU
		{8A1A7CC0-43D8-4B3B-A2DB-E46B3818B341}.Release|Any CPU.Build.0 = Release|Any CPU
		{09F40C48-8F5D-4807-A957-9532BE969685}.Debug|Any CPU.ActiveCfg = Debug|Any CPU
		{09F40C48-8F5D-4807-A957-9532BE969685}.Debug|Any CPU.Build.0 = Debug|Any CPU
		{09F40C48-8F5D-4807-A957-9532BE969685}.Release|Any CPU.ActiveCfg = Release|Any CPU
		{09F40C48-8F5D-4807-A957-9532BE969685}.Release|Any CPU.Build.0 = Release|Any CPU
		{C247B935-3422-42FF-8E8E-DF34A018B89B}.Debug|Any CPU.ActiveCfg = Debug|Any CPU
		{C247B935-3422-42FF-8E8E-DF34A018B89B}.Debug|Any CPU.Build.0 = Debug|Any CPU
		{C247B935-3422-42FF-8E8E-DF34A018B89B}.Release|Any CPU.ActiveCfg = Release|Any CPU
		{C247B935-3422-42FF-8E8E-DF34A018B89B}.Release|Any CPU.Build.0 = Release|Any CPU
		{D540F937-D674-408B-B5BE-54C5BAED77EF}.Debug|Any CPU.ActiveCfg = Debug|Any CPU
		{D540F937-D674-408B-B5BE-54C5BAED77EF}.Debug|Any CPU.Build.0 = Debug|Any CPU
		{D540F937-D674-408B-B5BE-54C5BAED77EF}.Release|Any CPU.ActiveCfg = Release|Any CPU
		{D540F937-D674-408B-B5BE-54C5BAED77EF}.Release|Any CPU.Build.0 = Release|Any CPU
		{235ECDC5-C002-475E-BAEF-9590948C7CCB}.Debug|Any CPU.ActiveCfg = Debug|Any CPU
		{235ECDC5-C002-475E-BAEF-9590948C7CCB}.Debug|Any CPU.Build.0 = Debug|Any CPU
		{235ECDC5-C002-475E-BAEF-9590948C7CCB}.Release|Any CPU.ActiveCfg = Release|Any CPU
		{235ECDC5-C002-475E-BAEF-9590948C7CCB}.Release|Any CPU.Build.0 = Release|Any CPU
	EndGlobalSection
	GlobalSection(SolutionProperties) = preSolution
		HideSolutionNode = FALSE
	EndGlobalSection
	GlobalSection(NestedProjects) = preSolution
		{AAF934D8-96F0-4D60-8E26-82E22F23A9D4} = {02EA681E-C7D8-13C7-8484-4AC65E1B71E8}
		{41DB6C7C-A63E-4654-A32C-D1E551218693} = {0DBAB265-1DF6-444B-BC5F-7A47857979BB}
		{16F8ADC7-8CA5-4303-BE4D-F75EA22A2B26} = {0DBAB265-1DF6-444B-BC5F-7A47857979BB}
		{E9004CA1-EBAB-4B87-960D-5F017A6204E9} = {0DBAB265-1DF6-444B-BC5F-7A47857979BB}
		{C247B935-3422-42FF-8E8E-DF34A018B89B} = {02EA681E-C7D8-13C7-8484-4AC65E1B71E8}
		{235ECDC5-C002-475E-BAEF-9590948C7CCB} = {0DBAB265-1DF6-444B-BC5F-7A47857979BB}
	EndGlobalSection
	GlobalSection(ExtensibilityGlobals) = postSolution
		SolutionGuid = {6595BEFB-D38C-43C0-BC2E-48B8A742FC45}
	EndGlobalSection
EndGlobal
